
Microsoft Visual Studio Solution File, Format Version 12.00
# Visual Studio 14
VisualStudioVersion = 14.0.25420.1
MinimumVisualStudioVersion = 10.0.40219.1
Project("{F5034706-568F-408A-B7B3-4D38C6DB8A32}") = "adfs-dc-vm", "adfs-dc-vm\adfs-dc-vm.pssproj", "{6CAFC0C6-A428-4D30-A9F9-700E829FEA51}"
EndProject
Project("{151D2E53-A2C4-4D7D-83FE-D05416EBD58E}") = "adfs-create", "adfs-create\adfs-create.deployproj", "{B57678C8-940F-4CD1-8EAB-FE16C66CB5FA}"
EndProject
Project("{151D2E53-A2C4-4D7D-83FE-D05416EBD58E}") = "vm-2ad-2dc", "vm-2ad-2dc\vm-2ad-2dc.deployproj", "{F7A8E3F1-3626-4B72-982C-D973D64C683E}"
EndProject
Global
	GlobalSection(SolutionConfigurationPlatforms) = preSolution
		Debug|Any CPU = Debug|Any CPU
		Release|Any CPU = Release|Any CPU
	EndGlobalSection
	GlobalSection(ProjectConfigurationPlatforms) = postSolution
		{6CAFC0C6-A428-4D30-A9F9-700E829FEA51}.Debug|Any CPU.ActiveCfg = Debug|Any CPU
		{6CAFC0C6-A428-4D30-A9F9-700E829FEA51}.Debug|Any CPU.Build.0 = Debug|Any CPU
		{6CAFC0C6-A428-4D30-A9F9-700E829FEA51}.Release|Any CPU.ActiveCfg = Release|Any CPU
		{6CAFC0C6-A428-4D30-A9F9-700E829FEA51}.Release|Any CPU.Build.0 = Release|Any CPU
		{B57678C8-940F-4CD1-8EAB-FE16C66CB5FA}.Debug|Any CPU.ActiveCfg = Debug|Any CPU
		{B57678C8-940F-4CD1-8EAB-FE16C66CB5FA}.Debug|Any CPU.Build.0 = Debug|Any CPU
		{B57678C8-940F-4CD1-8EAB-FE16C66CB5FA}.Release|Any CPU.ActiveCfg = Release|Any CPU
		{B57678C8-940F-4CD1-8EAB-FE16C66CB5FA}.Release|Any CPU.Build.0 = Release|Any CPU
		{F7A8E3F1-3626-4B72-982C-D973D64C683E}.Debug|Any CPU.ActiveCfg = Debug|Any CPU
		{F7A8E3F1-3626-4B72-982C-D973D64C683E}.Debug|Any CPU.Build.0 = Debug|Any CPU
		{F7A8E3F1-3626-4B72-982C-D973D64C683E}.Release|Any CPU.ActiveCfg = Release|Any CPU
		{F7A8E3F1-3626-4B72-982C-D973D64C683E}.Release|Any CPU.Build.0 = Release|Any CPU
	EndGlobalSection
	GlobalSection(SolutionProperties) = preSolution
		HideSolutionNode = FALSE
	EndGlobalSection
EndGlobal
